PODS:
  - GHODictionary (1.0.7)
  - libsodium (1.0.3)
  - MPMessagePack (1.1.21):
    - GHODictionary
  - NAChloride (2.0.0):
    - libsodium
  - NACrypto (1.0.1)

DEPENDENCIES:
  - GHODictionary
  - MPMessagePack
  - NAChloride
  - NACrypto

SPEC CHECKSUMS:
  GHODictionary: 993689351856664fea250da963bfd63fc624ca48
  libsodium: be547e31dc75725629acc5717dc0a40fc05ef243
  MPMessagePack: 5cafc8ed00fc405ad1d4255116666f6b1e6ae026
  NAChloride: 461b8f35eafb6fbfbad36572d554f41535eae776
  NACrypto: c8c75cb91eb3327e9726f361aae61d349f2e8158

COCOAPODS: 0.37.2
