// !$*UTF8*$!
{
	archiveVersion = 1;
	classes = {
	};
	objectVersion = 46;
	objects = {

/* Begin PBXBuildFile section */
		0047C2031B30FAB80055D184 /* TSTripleSec.h in Headers */ = {isa = PBXBuildFile; fileRef = 0047C2021B30FAB80055D184 /* TSTripleSec.h */; settings = {ATTRIBUTES = (Public, ); }; };
		0047C2171B30FB1E0055D184 /* TRSTripleSec.h in Headers */ = {isa = PBXBuildFile; fileRef = 00095B9E1954C8BF00F550CB /* TRSTripleSec.h */; settings = {ATTRIBUTES = (Public, ); }; };
		0047C2181B30FB1E0055D184 /* P3SKB.h in Headers */ = {isa = PBXBuildFile; fileRef = 00FB32AF196610640060AF33 /* P3SKB.h */; settings = {ATTRIBUTES = (Public, ); }; };
		0047C2191B30FB2B0055D184 /* P3SKBValueTransformer.h in Headers */ = {isa = PBXBuildFile; fileRef = 00A1790819E5DB4F0012DBE0 /* P3SKBValueTransformer.h */; settings = {ATTRIBUTES = (Public, ); }; };
		0047C23E1B30FD5F0055D184 /* TSTripleSec.framework in Frameworks */ = {isa = PBXBuildFile; fileRef = 0047C1FE1B30FAB80055D184 /* TSTripleSec.framework */; };
		0047C2491B30FD890055D184 /* P3SKBTest.m in Sources */ = {isa = PBXBuildFile; fileRef = 0047C2441B30FD890055D184 /* P3SKBTest.m */; };
		0047C24A1B30FD890055D184 /* test_key_hex.p3skb in Resources */ = {isa = PBXBuildFile; fileRef = 0047C2451B30FD890055D184 /* test_key_hex.p3skb */; };
		0047C24B1B30FD890055D184 /* test_key.p3skb in Resources */ = {isa = PBXBuildFile; fileRef = 0047C2461B30FD890055D184 /* test_key.p3skb */; };
		0047C24C1B30FD890055D184 /* TSTripleSecTest.m in Sources */ = {isa = PBXBuildFile; fileRef = 0047C2471B30FD890055D184 /* TSTripleSecTest.m */; };
		0047C24D1B30FD890055D184 /* vectors.json in Resources */ = {isa = PBXBuildFile; fileRef = 0047C2481B30FD890055D184 /* vectors.json */; };
		0047C2521B30FE350055D184 /* NATestUtils.m in Sources */ = {isa = PBXBuildFile; fileRef = 0047C2511B30FE350055D184 /* NATestUtils.m */; };
		0047C2531B30FE970055D184 /* TRSTripleSec.m in Sources */ = {isa = PBXBuildFile; fileRef = 00095BA01954C8BF00F550CB /* TRSTripleSec.m */; };
		0047C2541B30FE9A0055D184 /* P3SKB.m in Sources */ = {isa = PBXBuildFile; fileRef = 00FB32B0196610640060AF33 /* P3SKB.m */; };
		0047C2551B30FE9C0055D184 /* P3SKBValueTransformer.m in Sources */ = {isa = PBXBuildFile; fileRef = 00A1790919E5DB4F0012DBE0 /* P3SKBValueTransformer.m */; };
		0715EE16940D74696664B904 /* libPods-TSTripleSec.a in Frameworks */ = {isa = PBXBuildFile; fileRef = 3661A945468A28450F7918D9 /* libPods-TSTripleSec.a */; };
/* End PBXBuildFile section */

/* Begin PBXContainerItemProxy section */
		0047C23F1B30FD5F0055D184 /* PBXContainerItemProxy */ = {
			isa = PBXContainerItemProxy;
			containerPortal = 00095B931954C8BF00F550CB /* Project object */;
			proxyType = 1;
			remoteGlobalIDString = 0047C1FD1B30FAB80055D184;
			remoteInfo = TSTripleSec;
		};
/* End PBXContainerItemProxy section */

/* Begin PBXFileReference section */
		00095B9E1954C8BF00F550CB /* TRSTripleSec.h */ = {isa = PBXFileReference; lastKnownFileType = sourcecode.c.h; path = TRSTripleSec.h; sourceTree = "<group>"; };
		00095BA01954C8BF00F550CB /* TRSTripleSec.m */ = {isa = PBXFileReference; lastKnownFileType = sourcecode.c.objc; path = TRSTripleSec.m; sourceTree = "<group>"; };
		00095BB51954C8E100F550CB /* Podfile */ = {isa = PBXFileReference; lastKnownFileType = text; path = Podfile; sourceTree = "<group>"; xcLanguageSpecificationIdentifier = xcode.lang.ruby; };
		000A2054195B8B8000BC626B /* TSTripleSec.podspec */ = {isa = PBXFileReference; fileEncoding = 4; lastKnownFileType = text; path = TSTripleSec.podspec; sourceTree = "<group>"; };
		000A2055195B8BC100BC626B /* README.md */ = {isa = PBXFileReference; fileEncoding = 4; lastKnownFileType = net.daringfireball.markdown; path = README.md; sourceTree = "<group>"; };
		0047C1FE1B30FAB80055D184 /* TSTripleSec.framework */ = {isa = PBXFileReference; explicitFileType = wrapper.framework; includeInIndex = 0; path = TSTripleSec.framework; sourceTree = BUILT_PRODUCTS_DIR; };
		0047C2011B30FAB80055D184 /* Info.plist */ = {isa = PBXFileReference; lastKnownFileType = text.plist.xml; path = Info.plist; sourceTree = "<group>"; };
		0047C2021B30FAB80055D184 /* TSTripleSec.h */ = {isa = PBXFileReference; lastKnownFileType = sourcecode.c.h; path = TSTripleSec.h; sourceTree = "<group>"; };
		0047C2381B30FD5F0055D184 /* Tests.xctest */ = {isa = PBXFileReference; explicitFileType = wrapper.cfbundle; includeInIndex = 0; path = Tests.xctest; sourceTree = BUILT_PRODUCTS_DIR; };
		0047C23B1B30FD5F0055D184 /* Info.plist */ = {isa = PBXFileReference; lastKnownFileType = text.plist.xml; path = Info.plist; sourceTree = "<group>"; };
		0047C2441B30FD890055D184 /* P3SKBTest.m */ = {isa = PBXFileReference; fileEncoding = 4; lastKnownFileType = sourcecode.c.objc; path = P3SKBTest.m; sourceTree = "<group>"; };
		0047C2451B30FD890055D184 /* test_key_hex.p3skb */ = {isa = PBXFileReference; fileEncoding = 4; lastKnownFileType = text; path = test_key_hex.p3skb; sourceTree = "<group>"; };
		0047C2461B30FD890055D184 /* test_key.p3skb */ = {isa = PBXFileReference; fileEncoding = 4; lastKnownFileType = text; path = test_key.p3skb; sourceTree = "<group>"; };
		0047C2471B30FD890055D184 /* TSTripleSecTest.m */ = {isa = PBXFileReference; fileEncoding = 4; lastKnownFileType = sourcecode.c.objc; path = TSTripleSecTest.m; sourceTree = "<group>"; };
		0047C2481B30FD890055D184 /* vectors.json */ = {isa = PBXFileReference; fileEncoding = 4; lastKnownFileType = text.json; path = vectors.json; sourceTree = "<group>"; };
		0047C24E1B30FDF50055D184 /* libPods-TSTripleSec-NACrypto.a */ = {isa = PBXFileReference; lastKnownFileType = archive.ar; name = "libPods-TSTripleSec-NACrypto.a"; path = "../../Library/Developer/Xcode/DerivedData/TSTripleSec-bqtsecfbyvrjlmfnnbxxjastjqyx/Build/Products/Debug/libPods-TSTripleSec-NACrypto.a"; sourceTree = "<group>"; };
		0047C2501B30FE350055D184 /* NATestUtils.h */ = {isa = PBXFileReference; fileEncoding = 4; lastKnownFileType = sourcecode.c.h; path = NATestUtils.h; sourceTree = "<group>"; };
		0047C2511B30FE350055D184 /* NATestUtils.m */ = {isa = PBXFileReference; fileEncoding = 4; lastKnownFileType = sourcecode.c.objc; path = NATestUtils.m; sourceTree = "<group>"; };
		00A1790819E5DB4F0012DBE0 /* P3SKBValueTransformer.h */ = {isa = PBXFileReference; fileEncoding = 4; lastKnownFileType = sourcecode.c.h; path = P3SKBValueTransformer.h; sourceTree = "<group>"; };
		00A1790919E5DB4F0012DBE0 /* P3SKBValueTransformer.m */ = {isa = PBXFileReference; fileEncoding = 4; lastKnownFileType = sourcecode.c.objc; path = P3SKBValueTransformer.m; sourceTree = "<group>"; };
		00FB32AF196610640060AF33 /* P3SKB.h */ = {isa = PBXFileReference; fileEncoding = 4; lastKnownFileType = sourcecode.c.h; path = P3SKB.h; sourceTree = "<group>"; };
		00FB32B0196610640060AF33 /* P3SKB.m */ = {isa = PBXFileReference; fileEncoding = 4; lastKnownFileType = sourcecode.c.objc; path = P3SKB.m; sourceTree = "<group>"; };
		3661A945468A28450F7918D9 /* libPods-TSTripleSec.a */ = {isa = PBXFileReference; explicitFileType = archive.ar; includeInIndex = 0; path = "libPods-TSTripleSec.a"; sourceTree = BUILT_PRODUCTS_DIR; };
		79CBDC4211564596B38C7641 /* libPods-Tests.a */ = {isa = PBXFileReference; explicitFileType = archive.ar; includeInIndex = 0; path = "libPods-Tests.a"; sourceTree = BUILT_PRODUCTS_DIR; };
		91C2CD989B274E3E88623F2A /* Foundation.framework */ = {isa = PBXFileReference; lastKnownFileType = wrapper.framework; name = Foundation.framework; path = Platforms/iPhoneOS.platform/Developer/SDKs/iPhoneOS7.1.sdk/System/Library/Frameworks/Foundation.framework; sourceTree = DEVELOPER_DIR; };
		AEC9CBC1543A433499AD71D9 /* libPods.a */ = {isa = PBXFileReference; explicitFileType = archive.ar; includeInIndex = 0; path = libPods.a; sourceTree = BUILT_PRODUCTS_DIR; };
		D2E192649600D726FDC12231 /* Pods-TSTripleSec.release.xcconfig */ = {isa = PBXFileReference; includeInIndex = 1; lastKnownFileType = text.xcconfig; name = "Pods-TSTripleSec.release.xcconfig"; path = "Pods/Target Support Files/Pods-TSTripleSec/Pods-TSTripleSec.release.xcconfig"; sourceTree = "<group>"; };
		F1CF5EE06C0C50390357CA95 /* Pods-TSTripleSec.debug.xcconfig */ = {isa = PBXFileReference; includeInIndex = 1; lastKnownFileType = text.xcconfig; name = "Pods-TSTripleSec.debug.xcconfig"; path = "Pods/Target Support Files/Pods-TSTripleSec/Pods-TSTripleSec.debug.xcconfig"; sourceTree = "<group>"; };
/* End PBXFileReference section */

/* Begin PBXFrameworksBuildPhase section */
		0047C1FA1B30FAB80055D184 /* Frameworks */ = {
			isa = PBXFrameworksBuildPhase;
			buildActionMask = 2147483647;
			files = (
				0715EE16940D74696664B904 /* libPods-TSTripleSec.a in Frameworks */,
			);
			runOnlyForDeploymentPostprocessing = 0;
		};
		0047C2351B30FD5F0055D184 /* Frameworks */ = {
			isa = PBXFrameworksBuildPhase;
			buildActionMask = 2147483647;
			files = (
				0047C23E1B30FD5F0055D184 /* TSTripleSec.framework in Frameworks */,
			);
			runOnlyForDeploymentPostprocessing = 0;
		};
/* End PBXFrameworksBuildPhase section */

/* Begin PBXGroup section */
		00095B921954C8BF00F550CB = {
			isa = PBXGroup;
			children = (
				000A2055195B8BC100BC626B /* README.md */,
				000A2054195B8B8000BC626B /* TSTripleSec.podspec */,
				00095BB51954C8E100F550CB /* Podfile */,
				0047C1FF1B30FAB80055D184 /* TSTripleSec */,
				0047C2391B30FD5F0055D184 /* Tests */,
				00095B9C1954C8BF00F550CB /* Products */,
				588E08FA8C9C4E9184EE0EA0 /* Frameworks */,
				6BDCD7F5FA14DDD687681B4E /* Pods */,
			);
			sourceTree = "<group>";
		};
		00095B9C1954C8BF00F550CB /* Products */ = {
			isa = PBXGroup;
			children = (
				0047C1FE1B30FAB80055D184 /* TSTripleSec.framework */,
				0047C2381B30FD5F0055D184 /* Tests.xctest */,
			);
			name = Products;
			sourceTree = "<group>";
		};
		0047C1FF1B30FAB80055D184 /* TSTripleSec */ = {
			isa = PBXGroup;
			children = (
				0047C2021B30FAB80055D184 /* TSTripleSec.h */,
				00095B9E1954C8BF00F550CB /* TRSTripleSec.h */,
				00095BA01954C8BF00F550CB /* TRSTripleSec.m */,
				00FB32AF196610640060AF33 /* P3SKB.h */,
				00FB32B0196610640060AF33 /* P3SKB.m */,
				00A1790819E5DB4F0012DBE0 /* P3SKBValueTransformer.h */,
				00A1790919E5DB4F0012DBE0 /* P3SKBValueTransformer.m */,
				0047C2001B30FAB80055D184 /* Supporting Files */,
			);
			path = TSTripleSec;
			sourceTree = "<group>";
		};
		0047C2001B30FAB80055D184 /* Supporting Files */ = {
			isa = PBXGroup;
			children = (
				0047C2011B30FAB80055D184 /* Info.plist */,
			);
			name = "Supporting Files";
			sourceTree = "<group>";
		};
		0047C2391B30FD5F0055D184 /* Tests */ = {
			isa = PBXGroup;
			children = (
				0047C2471B30FD890055D184 /* TSTripleSecTest.m */,
				0047C2441B30FD890055D184 /* P3SKBTest.m */,
				0047C2451B30FD890055D184 /* test_key_hex.p3skb */,
				0047C2461B30FD890055D184 /* test_key.p3skb */,
				0047C2481B30FD890055D184 /* vectors.json */,
				0047C23A1B30FD5F0055D184 /* Supporting Files */,
				0047C2501B30FE350055D184 /* NATestUtils.h */,
				0047C2511B30FE350055D184 /* NATestUtils.m */,
			);
			path = Tests;
			sourceTree = "<group>";
		};
		0047C23A1B30FD5F0055D184 /* Supporting Files */ = {
			isa = PBXGroup;
			children = (
				0047C23B1B30FD5F0055D184 /* Info.plist */,
			);
			name = "Supporting Files";
			sourceTree = "<group>";
		};
		588E08FA8C9C4E9184EE0EA0 /* Frameworks */ = {
			isa = PBXGroup;
			children = (
				0047C24E1B30FDF50055D184 /* libPods-TSTripleSec-NACrypto.a */,
				AEC9CBC1543A433499AD71D9 /* libPods.a */,
				82FA0E5A7BF84A91B3B46540 /* iOS */,
				79CBDC4211564596B38C7641 /* libPods-Tests.a */,
				3661A945468A28450F7918D9 /* libPods-TSTripleSec.a */,
			);
			name = Frameworks;
			sourceTree = "<group>";
		};
		6BDCD7F5FA14DDD687681B4E /* Pods */ = {
			isa = PBXGroup;
			children = (
				F1CF5EE06C0C50390357CA95 /* Pods-TSTripleSec.debug.xcconfig */,
				D2E192649600D726FDC12231 /* Pods-TSTripleSec.release.xcconfig */,
			);
			name = Pods;
			sourceTree = "<group>";
		};
		82FA0E5A7BF84A91B3B46540 /* iOS */ = {
			isa = PBXGroup;
			children = (
				91C2CD989B274E3E88623F2A /* Foundation.framework */,
			);
			name = iOS;
			sourceTree = "<group>";
		};
/* End PBXGroup section */

/* Begin PBXHeadersBuildPhase section */
		0047C1FB1B30FAB80055D184 /* Headers */ = {
			isa = PBXHeadersBuildPhase;
			buildActionMask = 2147483647;
			files = (
				0047C2191B30FB2B0055D184 /* P3SKBValueTransformer.h in Headers */,
				0047C2181B30FB1E0055D184 /* P3SKB.h in Headers */,
				0047C2171B30FB1E0055D184 /* TRSTripleSec.h in Headers */,
				0047C2031B30FAB80055D184 /* TSTripleSec.h in Headers */,
			);
			runOnlyForDeploymentPostprocessing = 0;
		};
/* End PBXHeadersBuildPhase section */

/* Begin PBXNativeTarget section */
		0047C1FD1B30FAB80055D184 /* TSTripleSec */ = {
			isa = PBXNativeTarget;
			buildConfigurationList = 0047C2111B30FAB80055D184 /* Build configuration list for PBXNativeTarget "TSTripleSec" */;
			buildPhases = (
				9723A64B441CDC6529539ABA /* Check Pods Manifest.lock */,
				0047C1F91B30FAB80055D184 /* Sources */,
				0047C1FA1B30FAB80055D184 /* Frameworks */,
				0047C1FB1B30FAB80055D184 /* Headers */,
				0047C1FC1B30FAB80055D184 /* Resources */,
				6AB97DB5BF0A22BE14F93983 /* Copy Pods Resources */,
			);
			buildRules = (
			);
			dependencies = (
			);
			name = TSTripleSec;
			productName = TSTripleSec;
			productReference = 0047C1FE1B30FAB80055D184 /* TSTripleSec.framework */;
			productType = "com.apple.product-type.framework";
		};
		0047C2371B30FD5F0055D184 /* Tests */ = {
			isa = PBXNativeTarget;
			buildConfigurationList = 0047C2411B30FD5F0055D184 /* Build configuration list for PBXNativeTarget "Tests" */;
			buildPhases = (
				0047C2341B30FD5F0055D184 /* Sources */,
				0047C2351B30FD5F0055D184 /* Frameworks */,
				0047C2361B30FD5F0055D184 /* Resources */,
			);
			buildRules = (
			);
			dependencies = (
				0047C2401B30FD5F0055D184 /* PBXTargetDependency */,
			);
			name = Tests;
			productName = Tests;
			productReference = 0047C2381B30FD5F0055D184 /* Tests.xctest */;
			productType = "com.apple.product-type.bundle.unit-test";
		};
/* End PBXNativeTarget section */

/* Begin PBXProject section */
		00095B931954C8BF00F550CB /* Project object */ = {
			isa = PBXProject;
			attributes = {
				LastUpgradeCheck = 0600;
				ORGANIZATIONNAME = "Gabriel Handford";
				TargetAttributes = {
					0047C1FD1B30FAB80055D184 = {
						CreatedOnToolsVersion = 6.3.2;
					};
					0047C2371B30FD5F0055D184 = {
						CreatedOnToolsVersion = 6.3.2;
					};
				};
			};
			buildConfigurationList = 00095B961954C8BF00F550CB /* Build configuration list for PBXProject "TSTripleSec" */;
			compatibilityVersion = "Xcode 3.2";
			developmentRegion = English;
			hasScannedForEncodings = 0;
			knownRegions = (
				en,
			);
			mainGroup = 00095B921954C8BF00F550CB;
			productRefGroup = 00095B9C1954C8BF00F550CB /* Products */;
			projectDirPath = "";
			projectRoot = "";
			targets = (
				0047C1FD1B30FAB80055D184 /* TSTripleSec */,
				0047C2371B30FD5F0055D184 /* Tests */,
			);
		};
/* End PBXProject section */

/* Begin PBXResourcesBuildPhase section */
		0047C1FC1B30FAB80055D184 /* Resources */ = {
			isa = PBXResourcesBuildPhase;
			buildActionMask = 2147483647;
			files = (
			);
			runOnlyForDeploymentPostprocessing = 0;
		};
		0047C2361B30FD5F0055D184 /* Resources */ = {
			isa = PBXResourcesBuildPhase;
			buildActionMask = 2147483647;
			files = (
				0047C24D1B30FD890055D184 /* vectors.json in Resources */,
				0047C24A1B30FD890055D184 /* test_key_hex.p3skb in Resources */,
				0047C24B1B30FD890055D184 /* test_key.p3skb in Resources */,
			);
			runOnlyForDeploymentPostprocessing = 0;
		};
/* End PBXResourcesBuildPhase section */

/* Begin PBXShellScriptBuildPhase section */
		6AB97DB5BF0A22BE14F93983 /* Copy Pods Resources */ = {
			isa = PBXShellScriptBuildPhase;
			buildActionMask = 2147483647;
			files = (
			);
			inputPaths = (
			);
			name = "Copy Pods Resources";
			outputPaths = (
			);
			runOnlyForDeploymentPostprocessing = 0;
			shellPath = /bin/sh;
			shellScript = "\"${SRCROOT}/Pods/Target Support Files/Pods-TSTripleSec/Pods-TSTripleSec-resources.sh\"\n";
			showEnvVarsInLog = 0;
		};
		9723A64B441CDC6529539ABA /* Check Pods Manifest.lock */ = {
			isa = PBXShellScriptBuildPhase;
			buildActionMask = 2147483647;
			files = (
			);
			inputPaths = (
			);
			name = "Check Pods Manifest.lock";
			outputPaths = (
			);
			runOnlyForDeploymentPostprocessing = 0;
			shellPath = /bin/sh;
			shellScript = "diff \"${PODS_ROOT}/../Podfile.lock\" \"${PODS_ROOT}/Manifest.lock\" > /dev/null\nif [[ $? != 0 ]] ; then\n    cat << EOM\nerror: The sandbox is not in sync with the Podfile.lock. Run 'pod install' or update your CocoaPods installation.\nEOM\n    exit 1\nfi\n";
			showEnvVarsInLog = 0;
		};
/* End PBXShellScriptBuildPhase section */

/* Begin PBXSourcesBuildPhase section */
		0047C1F91B30FAB80055D184 /* Sources */ = {
			isa = PBXSourcesBuildPhase;
			buildActionMask = 2147483647;
			files = (
				0047C2531B30FE970055D184 /* TRSTripleSec.m in Sources */,
				0047C2541B30FE9A0055D184 /* P3SKB.m in Sources */,
				0047C2551B30FE9C0055D184 /* P3SKBValueTransformer.m in Sources */,
			);
			runOnlyForDeploymentPostprocessing = 0;
		};
		0047C2341B30FD5F0055D184 /* Sources */ = {
			isa = PBXSourcesBuildPhase;
			buildActionMask = 2147483647;
			files = (
				0047C2521B30FE350055D184 /* NATestUtils.m in Sources */,
				0047C24C1B30FD890055D184 /* TSTripleSecTest.m in Sources */,
				0047C2491B30FD890055D184 /* P3SKBTest.m in Sources */,
			);
			runOnlyForDeploymentPostprocessing = 0;
		};
/* End PBXSourcesBuildPhase section */

/* Begin PBXTargetDependency section */
		0047C2401B30FD5F0055D184 /* PBXTargetDependency */ = {
			isa = PBXTargetDependency;
			target = 0047C1FD1B30FAB80055D184 /* TSTripleSec */;
			targetProxy = 0047C23F1B30FD5F0055D184 /* PBXContainerItemProxy */;
		};
/* End PBXTargetDependency section */

/* Begin XCBuildConfiguration section */
		00095BAD1954C8BF00F550CB /* Debug */ = {
			isa = XCBuildConfiguration;
			buildSettings = {
				ALWAYS_SEARCH_USER_PATHS = NO;
				CLANG_CXX_LANGUAGE_STANDARD = "gnu++0x";
				CLANG_CXX_LIBRARY = "libc++";
				CLANG_ENABLE_MODULES = YES;
				CLANG_ENABLE_OBJC_ARC = YES;
				CLANG_WARN_BOOL_CONVERSION = YES;
				CLANG_WARN_CONSTANT_CONVERSION = YES;
				CLANG_WARN_DIRECT_OBJC_ISA_USAGE = YES_ERROR;
				CLANG_WARN_EMPTY_BODY = YES;
				CLANG_WARN_ENUM_CONVERSION = YES;
				CLANG_WARN_INT_CONVERSION = YES;
				CLANG_WARN_OBJC_ROOT_CLASS = YES_ERROR;
				CLANG_WARN_UNREACHABLE_CODE = YES;
				CLANG_WARN__DUPLICATE_METHOD_MATCH = YES;
				COPY_PHASE_STRIP = NO;
				ENABLE_STRICT_OBJC_MSGSEND = YES;
				GCC_C_LANGUAGE_STANDARD = gnu99;
				GCC_DYNAMIC_NO_PIC = NO;
				GCC_OPTIMIZATION_LEVEL = 0;
				GCC_PREPROCESSOR_DEFINITIONS = (
					"DEBUG=1",
					"$(inherited)",
				);
				GCC_SYMBOLS_PRIVATE_EXTERN = NO;
				GCC_WARN_64_TO_32_BIT_CONVERSION = YES;
				GCC_WARN_ABOUT_RETURN_TYPE = YES_ERROR;
				GCC_WARN_UNDECLARED_SELECTOR = YES;
				GCC_WARN_UNINITIALIZED_AUTOS = YES_AGGRESSIVE;
				GCC_WARN_UNUSED_FUNCTION = YES;
				GCC_WARN_UNUSED_VARIABLE = YES;
				IPHONEOS_DEPLOYMENT_TARGET = 8.0;
				METAL_ENABLE_DEBUG_INFO = YES;
				ONLY_ACTIVE_ARCH = YES;
				SDKROOT = iphoneos;
			};
			name = Debug;
		};
		00095BAE1954C8BF00F550CB /* Release */ = {
			isa = XCBuildConfiguration;
			buildSettings = {
				ALWAYS_SEARCH_USER_PATHS = NO;
				CLANG_CXX_LANGUAGE_STANDARD = "gnu++0x";
				CLANG_CXX_LIBRARY = "libc++";
				CLANG_ENABLE_MODULES = YES;
				CLANG_ENABLE_OBJC_ARC = YES;
				CLANG_WARN_BOOL_CONVERSION = YES;
				CLANG_WARN_CONSTANT_CONVERSION = YES;
				CLANG_WARN_DIRECT_OBJC_ISA_USAGE = YES_ERROR;
				CLANG_WARN_EMPTY_BODY = YES;
				CLANG_WARN_ENUM_CONVERSION = YES;
				CLANG_WARN_INT_CONVERSION = YES;
				CLANG_WARN_OBJC_ROOT_CLASS = YES_ERROR;
				CLANG_WARN_UNREACHABLE_CODE = YES;
				CLANG_WARN__DUPLICATE_METHOD_MATCH = YES;
				COPY_PHASE_STRIP = YES;
				ENABLE_NS_ASSERTIONS = NO;
				ENABLE_STRICT_OBJC_MSGSEND = YES;
				GCC_C_LANGUAGE_STANDARD = gnu99;
				GCC_WARN_64_TO_32_BIT_CONVERSION = YES;
				GCC_WARN_ABOUT_RETURN_TYPE = YES_ERROR;
				GCC_WARN_UNDECLARED_SELECTOR = YES;
				GCC_WARN_UNINITIALIZED_AUTOS = YES_AGGRESSIVE;
				GCC_WARN_UNUSED_FUNCTION = YES;
				GCC_WARN_UNUSED_VARIABLE = YES;
				IPHONEOS_DEPLOYMENT_TARGET = 8.0;
				METAL_ENABLE_DEBUG_INFO = NO;
				SDKROOT = iphoneos;
				VALIDATE_PRODUCT = YES;
			};
			name = Release;
		};
		0047C2121B30FAB80055D184 /* Debug */ = {
			isa = XCBuildConfiguration;
			baseConfigurationReference = F1CF5EE06C0C50390357CA95 /* Pods-TSTripleSec.debug.xcconfig */;
			buildSettings = {
				COMBINE_HIDPI_IMAGES = YES;
				CURRENT_PROJECT_VERSION = 1;
				DEBUG_INFORMATION_FORMAT = dwarf;
				DEFINES_MODULE = YES;
				DYLIB_COMPATIBILITY_VERSION = 1;
				DYLIB_CURRENT_VERSION = 1;
				DYLIB_INSTALL_NAME_BASE = "@rpath";
				FRAMEWORK_VERSION = A;
				GCC_NO_COMMON_BLOCKS = YES;
				GCC_PREPROCESSOR_DEFINITIONS = (
					"DEBUG=1",
					"$(inherited)",
				);
				INFOPLIST_FILE = TSTripleSec/Info.plist;
				INSTALL_PATH = "$(LOCAL_LIBRARY_DIR)/Frameworks";
				LD_RUNPATH_SEARCH_PATHS = "$(inherited) @executable_path/../Frameworks @loader_path/Frameworks";
				MACOSX_DEPLOYMENT_TARGET = 10.8;
				MTL_ENABLE_DEBUG_INFO = YES;
				PRODUCT_NAME = "$(TARGET_NAME)";
				SDKROOT = macosx;
				SKIP_INSTALL = YES;
				VERSIONING_SYSTEM = "apple-generic";
				VERSION_INFO_PREFIX = "";
			};
			name = Debug;
		};
		0047C2131B30FAB80055D184 /* Release */ = {
			isa = XCBuildConfiguration;
			baseConfigurationReference = D2E192649600D726FDC12231 /* Pods-TSTripleSec.release.xcconfig */;
			buildSettings = {
				COMBINE_HIDPI_IMAGES = YES;
				COPY_PHASE_STRIP = NO;
				CURRENT_PROJECT_VERSION = 1;
				DEBUG_INFORMATION_FORMAT = "dwarf-with-dsym";
				DEFINES_MODULE = YES;
				DYLIB_COMPATIBILITY_VERSION = 1;
				DYLIB_CURRENT_VERSION = 1;
				DYLIB_INSTALL_NAME_BASE = "@rpath";
				FRAMEWORK_VERSION = A;
				GCC_NO_COMMON_BLOCKS = YES;
				INFOPLIST_FILE = TSTripleSec/Info.plist;
				INSTALL_PATH = "$(LOCAL_LIBRARY_DIR)/Frameworks";
				LD_RUNPATH_SEARCH_PATHS = "$(inherited) @executable_path/../Frameworks @loader_path/Frameworks";
				MACOSX_DEPLOYMENT_TARGET = 10.8;
				MTL_ENABLE_DEBUG_INFO = NO;
				PRODUCT_NAME = "$(TARGET_NAME)";
				SDKROOT = macosx;
				SKIP_INSTALL = YES;
				VERSIONING_SYSTEM = "apple-generic";
				VERSION_INFO_PREFIX = "";
			};
			name = Release;
		};
		0047C2421B30FD5F0055D184 /* Debug */ = {
			isa = XCBuildConfiguration;
			buildSettings = {
				COMBINE_HIDPI_IMAGES = YES;
				DEBUG_INFORMATION_FORMAT = dwarf;
				FRAMEWORK_SEARCH_PATHS = (
					"$(DEVELOPER_FRAMEWORKS_DIR)",
					"$(inherited)",
				);
				GCC_NO_COMMON_BLOCKS = YES;
				GCC_PREPROCESSOR_DEFINITIONS = (
					"DEBUG=1",
					"$(inherited)",
				);
				INFOPLIST_FILE = Tests/Info.plist;
				LD_RUNPATH_SEARCH_PATHS = "$(inherited) @executable_path/../Frameworks @loader_path/../Frameworks";
				LIBRARY_SEARCH_PATHS = (
					"$(inherited)",
					"$(USER_LIBRARY_DIR)/Developer/Xcode/DerivedData/TSTripleSec-bqtsecfbyvrjlmfnnbxxjastjqyx/Build/Products/Debug",
				);
				MACOSX_DEPLOYMENT_TARGET = 10.10;
				MTL_ENABLE_DEBUG_INFO = YES;
				PRODUCT_NAME = "$(TARGET_NAME)";
				SDKROOT = macosx;
			};
			name = Debug;
		};
		0047C2431B30FD5F0055D184 /* Release */ = {
			isa = XCBuildConfiguration;
			buildSettings = {
				COMBINE_HIDPI_IMAGES = YES;
				COPY_PHASE_STRIP = NO;
				DEBUG_INFORMATION_FORMAT = "dwarf-with-dsym";
				FRAMEWORK_SEARCH_PATHS = (
					"$(DEVELOPER_FRAMEWORKS_DIR)",
					"$(inherited)",
				);
				GCC_NO_COMMON_BLOCKS = YES;
				INFOPLIST_FILE = Tests/Info.plist;
				LD_RUNPATH_SEARCH_PATHS = "$(inherited) @executable_path/../Frameworks @loader_path/../Frameworks";
				LIBRARY_SEARCH_PATHS = (
					"$(inherited)",
					"$(USER_LIBRARY_DIR)/Developer/Xcode/DerivedData/TSTripleSec-bqtsecfbyvrjlmfnnbxxjastjqyx/Build/Products/Debug",
				);
				MACOSX_DEPLOYMENT_TARGET = 10.10;
				MTL_ENABLE_DEBUG_INFO = NO;
				PRODUCT_NAME = "$(TARGET_NAME)";
				SDKROOT = macosx;
			};
			name = Release;
		};
/* End XCBuildConfiguration section */

/* Begin XCConfigurationList section */
		00095B961954C8BF00F550CB /* Build configuration list for PBXProject "TSTripleSec" */ = {
			isa = XCConfigurationList;
			buildConfigurations = (
				00095BAD1954C8BF00F550CB /* Debug */,
				00095BAE1954C8BF00F550CB /* Release */,
			);
			defaultConfigurationIsVisible = 0;
			defaultConfigurationName = Release;
		};
		0047C2111B30FAB80055D184 /* Build configuration list for PBXNativeTarget "TSTripleSec" */ = {
			isa = XCConfigurationList;
			buildConfigurations = (
				0047C2121B30FAB80055D184 /* Debug */,
				0047C2131B30FAB80055D184 /* Release */,
			);
			defaultConfigurationIsVisible = 0;
			defaultConfigurationName = Release;
		};
		0047C2411B30FD5F0055D184 /* Build configuration list for PBXNativeTarget "Tests" */ = {
			isa = XCConfigurationList;
			buildConfigurations = (
				0047C2421B30FD5F0055D184 /* Debug */,
				0047C2431B30FD5F0055D184 /* Release */,
			);
			defaultConfigurationIsVisible = 0;
		};
/* End XCConfigurationList section */
	};
	rootObject = 00095B931954C8BF00F550CB /* Project object */;
}
